// !$*UTF8*$!
{
	archiveVersion = 1;
	classes = {
	};
	objectVersion = 46;
	objects = {

/* Begin PBXBuildFile section */
		AFDDF19A134393530006E46E /* UIKit.framework in Frameworks */ = {isa = PBXBuildFile; fileRef = AFDDF199134393530006E46E /* UIKit.framework */; };
		AFDDF19C134393530006E46E /* Foundation.framework in Frameworks */ = {isa = PBXBuildFile; fileRef = AFDDF19B134393530006E46E /* Foundation.framework */; };
		AFDDF19E134393530006E46E /* CoreGraphics.framework in Frameworks */ = {isa = PBXBuildFile; fileRef = AFDDF19D134393530006E46E /* CoreGraphics.framework */; };
		AFDDF1A4134393530006E46E /* InfoPlist.strings in Resources */ = {isa = PBXBuildFile; fileRef = AFDDF1A2134393530006E46E /* InfoPlist.strings */; };
		AFDDF1A7134393530006E46E /* main.m in Sources */ = {isa = PBXBuildFile; fileRef = AFDDF1A6134393530006E46E /* main.m */; };
		AFDDF1AA134393530006E46E /* CurtianCallAppDelegate.m in Sources */ = {isa = PBXBuildFile; fileRef = AFDDF1A9134393530006E46E /* CurtianCallAppDelegate.m */; };
		AFDDF1AD134393530006E46E /* MainWindow.xib in Resources */ = {isa = PBXBuildFile; fileRef = AFDDF1AB134393530006E46E /* MainWindow.xib */; };
		AFDDF1B0134393530006E46E /* FirstViewController.m in Sources */ = {isa = PBXBuildFile; fileRef = AFDDF1AF134393530006E46E /* FirstViewController.m */; };
		AFDDF1B3134393530006E46E /* SecondViewController.m in Sources */ = {isa = PBXBuildFile; fileRef = AFDDF1B2134393530006E46E /* SecondViewController.m */; };
		AFDDF1B6134393530006E46E /* FirstView.xib in Resources */ = {isa = PBXBuildFile; fileRef = AFDDF1B4134393530006E46E /* FirstView.xib */; };
		AFDDF1B9134393530006E46E /* SecondView.xib in Resources */ = {isa = PBXBuildFile; fileRef = AFDDF1B7134393530006E46E /* SecondView.xib */; };
/* End PBXBuildFile section */

/* Begin PBXFileReference section */
		AFDDF195134393530006E46E /* CurtianCall.app */ = {isa = PBXFileReference; explicitFileType = wrapper.application; includeInIndex = 0; path = CurtianCall.app; sourceTree = BUILT_PRODUCTS_DIR; };
		AFDDF199134393530006E46E /* UIKit.framework */ = {isa = PBXFileReference; lastKnownFileType = wrapper.framework; name = UIKit.framework; path = System/Library/Frameworks/UIKit.framework; sourceTree = SDKROOT; };
		AFDDF19B134393530006E46E /* Foundation.framework */ = {isa = PBXFileReference; lastKnownFileType = wrapper.framework; name = Foundation.framework; path = System/Library/Frameworks/Foundation.framework; sourceTree = SDKROOT; };
		AFDDF19D134393530006E46E /* CoreGraphics.framework */ = {isa = PBXFileReference; lastKnownFileType = wrapper.framework; name = CoreGraphics.framework; path = System/Library/Frameworks/CoreGraphics.framework; sourceTree = SDKROOT; };
		AFDDF1A1134393530006E46E /* CurtianCall-Info.plist */ = {isa = PBXFileReference; path = "CurtianCall-Info.plist"; sourceTree = "<group>"; };
		AFDDF1A3134393530006E46E /* en */ = {isa = PBXFileReference; lastKnownFileType = text.plist.strings; name = en; path = en.lproj/InfoPlist.strings; sourceTree = "<group>"; };
		AFDDF1A5134393530006E46E /* CurtianCall-Prefix.pch */ = {isa = PBXFileReference; path = "CurtianCall-Prefix.pch"; sourceTree = "<group>"; };
		AFDDF1A6134393530006E46E /* main.m */ = {isa = PBXFileReference; lastKnownFileType = sourcecode.c.objc; path = main.m; sourceTree = "<group>"; };
		AFDDF1A8134393530006E46E /* CurtianCallAppDelegate.h */ = {isa = PBXFileReference; path = CurtianCallAppDelegate.h; sourceTree = "<group>"; };
		AFDDF1A9134393530006E46E /* CurtianCallAppDelegate.m */ = {isa = PBXFileReference; lastKnownFileType = sourcecode.c.objc; path = CurtianCallAppDelegate.m; sourceTree = "<group>"; };
		AFDDF1AC134393530006E46E /* en */ = {isa = PBXFileReference; lastKnownFileType = file.xib; name = en; path = en.lproj/MainWindow.xib; sourceTree = "<group>"; };
		AFDDF1AE134393530006E46E /* FirstViewController.h */ = {isa = PBXFileReference; path = FirstViewController.h; sourceTree = "<group>"; };
		AFDDF1AF134393530006E46E /* FirstViewController.m */ = {isa = PBXFileReference; lastKnownFileType = sourcecode.c.objc; path = FirstViewController.m; sourceTree = "<group>"; };
		AFDDF1B1134393530006E46E /* SecondViewController.h */ = {isa = PBXFileReference; path = SecondViewController.h; sourceTree = "<group>"; };
		AFDDF1B2134393530006E46E /* SecondViewController.m */ = {isa = PBXFileReference; lastKnownFileType = sourcecode.c.objc; path = SecondViewController.m; sourceTree = "<group>"; };
		AFDDF1B5134393530006E46E /* en */ = {isa = PBXFileReference; lastKnownFileType = file.xib; name = en; path = en.lproj/FirstView.xib; sourceTree = "<group>"; };
		AFDDF1B8134393530006E46E /* en */ = {isa = PBXFileReference; lastKnownFileType = file.xib; name = en; path = en.lproj/SecondView.xib; sourceTree = "<group>"; };
/* End PBXFileReference section */

/* Begin PBXFrameworksBuildPhase section */
		AFDDF192134393530006E46E /* Frameworks */ = {
			isa = PBXFrameworksBuildPhase;
			buildActionMask = 2147483647;
			files = (
				AFDDF19A134393530006E46E /* UIKit.framework in Frameworks */,
				AFDDF19C134393530006E46E /* Foundation.framework in Frameworks */,
				AFDDF19E134393530006E46E /* CoreGraphics.framework in Frameworks */,
			);
			runOnlyForDeploymentPostprocessing = 0;
		};
/* End PBXFrameworksBuildPhase section */

/* Begin PBXGroup section */
		AFDDF18A134393530006E46E = {
			isa = PBXGroup;
			children = (
				AFDDF19F134393530006E46E /* CurtianCall */,
				AFDDF198134393530006E46E /* Frameworks */,
				AFDDF196134393530006E46E /* Products */,
			);
			sourceTree = "<group>";
		};
		AFDDF196134393530006E46E /* Products */ = {
			isa = PBXGroup;
			children = (
				AFDDF195134393530006E46E /* CurtianCall.app */,
			);
			name = Products;
			sourceTree = "<group>";
		};
		AFDDF198134393530006E46E /* Frameworks */ = {
			isa = PBXGroup;
			children = (
				AFDDF199134393530006E46E /* UIKit.framework */,
				AFDDF19B134393530006E46E /* Foundation.framework */,
				AFDDF19D134393530006E46E /* CoreGraphics.framework */,
			);
			name = Frameworks;
			sourceTree = "<group>";
		};
		AFDDF19F134393530006E46E /* CurtianCall */ = {
			isa = PBXGroup;
			children = (
				AFDDF1A8134393530006E46E /* CurtianCallAppDelegate.h */,
				AFDDF1A9134393530006E46E /* CurtianCallAppDelegate.m */,
				AFDDF1AB134393530006E46E /* MainWindow.xib */,
				AFDDF1AE134393530006E46E /* FirstViewController.h */,
				AFDDF1AF134393530006E46E /* FirstViewController.m */,
				AFDDF1B1134393530006E46E /* SecondViewController.h */,
				AFDDF1B2134393530006E46E /* SecondViewController.m */,
				AFDDF1B4134393530006E46E /* FirstView.xib */,
				AFDDF1B7134393530006E46E /* SecondView.xib */,
				AFDDF1A0134393530006E46E /* Supporting Files */,
			);
			path = CurtianCall;
			sourceTree = "<group>";
		};
		AFDDF1A0134393530006E46E /* Supporting Files */ = {
			isa = PBXGroup;
			children = (
				AFDDF1A1134393530006E46E /* CurtianCall-Info.plist */,
				AFDDF1A2134393530006E46E /* InfoPlist.strings */,
				AFDDF1A5134393530006E46E /* CurtianCall-Prefix.pch */,
				AFDDF1A6134393530006E46E /* main.m */,
			);
			name = "Supporting Files";
			sourceTree = "<group>";
		};
/* End PBXGroup section */

/* Begin PBXNativeTarget section */
		AFDDF194134393530006E46E /* CurtianCall */ = {
			isa = PBXNativeTarget;
			buildConfigurationList = AFDDF1BC134393530006E46E /* Build configuration list for PBXNativeTarget "CurtianCall" */;
			buildPhases = (
				AFDDF191134393530006E46E /* Sources */,
				AFDDF192134393530006E46E /* Frameworks */,
				AFDDF193134393530006E46E /* Resources */,
			);
			buildRules = (
			);
			dependencies = (
			);
			name = CurtianCall;
			productName = CurtianCall;
			productReference = AFDDF195134393530006E46E /* CurtianCall.app */;
			productType = "com.apple.product-type.application";
		};
/* End PBXNativeTarget section */

/* Begin PBXProject section */
		AFDDF18C134393530006E46E /* Project object */ = {
			isa = PBXProject;
			attributes = {
				ORGANIZATIONNAME = NA;
			};
			buildConfigurationList = AFDDF18F134393530006E46E /* Build configuration list for PBXProject "CurtianCall" */;
			compatibilityVersion = "Xcode 3.2";
			developmentRegion = English;
			hasScannedForEncodings = 0;
			knownRegions = (
				en,
			);
			mainGroup = AFDDF18A134393530006E46E;
			productRefGroup = AFDDF196134393530006E46E /* Products */;
			projectDirPath = "";
			projectRoot = "";
			targets = (
				AFDDF194134393530006E46E /* CurtianCall */,
			);
		};
/* End PBXProject section */

/* Begin PBXResourcesBuildPhase section */
		AFDDF193134393530006E46E /* Resources */ = {
			isa = PBXResourcesBuildPhase;
			buildActionMask = 2147483647;
			files = (
				AFDDF1A4134393530006E46E /* InfoPlist.strings in Resources */,
				AFDDF1AD134393530006E46E /* MainWindow.xib in Resources */,
				AFDDF1B6134393530006E46E /* FirstView.xib in Resources */,
				AFDDF1B9134393530006E46E /* SecondView.xib in Resources */,
			);
			runOnlyForDeploymentPostprocessing = 0;
		};
/* End PBXResourcesBuildPhase section */

/* Begin PBXSourcesBuildPhase section */
		AFDDF191134393530006E46E /* Sources */ = {
			isa = PBXSourcesBuildPhase;
			buildActionMask = 2147483647;
			files = (
				AFDDF1A7134393530006E46E /* main.m in Sources */,
				AFDDF1AA134393530006E46E /* CurtianCallAppDelegate.m in Sources */,
				AFDDF1B0134393530006E46E /* FirstViewController.m in Sources */,
				AFDDF1B3134393530006E46E /* SecondViewController.m in Sources */,
			);
			runOnlyForDeploymentPostprocessing = 0;
		};
/* End PBXSourcesBuildPhase section */

/* Begin PBXVariantGroup section */
		AFDDF1A2134393530006E46E /* InfoPlist.strings */ = {
			isa = PBXVariantGroup;
			children = (
				AFDDF1A3134393530006E46E /* en */,
			);
			name = InfoPlist.strings;
			sourceTree = "<group>";
		};
		AFDDF1AB134393530006E46E /* MainWindow.xib */ = {
			isa = PBXVariantGroup;
			children = (
				AFDDF1AC134393530006E46E /* en */,
			);
			name = MainWindow.xib;
			sourceTree = "<group>";
		};
		AFDDF1B4134393530006E46E /* FirstView.xib */ = {
			isa = PBXVariantGroup;
			children = (
				AFDDF1B5134393530006E46E /* en */,
			);
			name = FirstView.xib;
			sourceTree = "<group>";
		};
		AFDDF1B7134393530006E46E /* SecondView.xib */ = {
			isa = PBXVariantGroup;
			children = (
				AFDDF1B8134393530006E46E /* en */,
			);
			name = SecondView.xib;
			sourceTree = "<group>";
		};
/* End PBXVariantGroup section */

/* Begin XCBuildConfiguration section */
		AFDDF1BA134393530006E46E /* Debug */ = {
			isa = XCBuildConfiguration;
			buildSettings = {
				ARCHS = "$(ARCHS_STANDARD_32_BIT)";
				"CODE_SIGN_IDENTITY[sdk=iphoneos*]" = "iPhone Developer";
				GCC_C_LANGUAGE_STANDARD = gnu99;
				GCC_OPTIMIZATION_LEVEL = 0;
				GCC_PREPROCESSOR_DEFINITIONS = DEBUG;
				GCC_SYMBOLS_PRIVATE_EXTERN = NO;
				GCC_VERSION = com.apple.compilers.llvmgcc42;
				GCC_WARN_ABOUT_RETURN_TYPE = YES;
				GCC_WARN_UNUSED_VARIABLE = YES;
				IPHONEOS_DEPLOYMENT_TARGET = 4.3;
				SDKROOT = iphoneos;
			};
			name = Debug;
		};
		AFDDF1BB134393530006E46E /* Release */ = {
			isa = XCBuildConfiguration;
			buildSettings = {
				ARCHS = "$(ARCHS_STANDARD_32_BIT)";
				"CODE_SIGN_IDENTITY[sdk=iphoneos*]" = "iPhone Developer";
				GCC_C_LANGUAGE_STANDARD = gnu99;
				GCC_VERSION = com.apple.compilers.llvmgcc42;
				GCC_WARN_ABOUT_RETURN_TYPE = YES;
				GCC_WARN_UNUSED_VARIABLE = YES;
				IPHONEOS_DEPLOYMENT_TARGET = 4.3;
				OTHER_CFLAGS = "-DNS_BLOCK_ASSERTIONS=1";
				SDKROOT = iphoneos;
			};
			name = Release;
		};
		AFDDF1BD134393530006E46E /* Debug */ = {
			isa = XCBuildConfiguration;
			buildSettings = {
				ALWAYS_SEARCH_USER_PATHS = NO;
				COPY_PHASE_STRIP = NO;
				GCC_DYNAMIC_NO_PIC = NO;
				GCC_PRECOMPILE_PREFIX_HEADER = YES;
				GCC_PREFIX_HEADER = "CurtianCall/CurtianCall-Prefix.pch";
				INFOPLIST_FILE = "CurtianCall/CurtianCall-Info.plist";
				PRODUCT_NAME = "$(TARGET_NAME)";
				WRAPPER_EXTENSION = app;
			};
			name = Debug;
		};
		AFDDF1BE134393530006E46E /* Release */ = {
			isa = XCBuildConfiguration;
			buildSettings = {
				ALWAYS_SEARCH_USER_PATHS = NO;
				COPY_PHASE_STRIP = YES;
				GCC_PRECOMPILE_PREFIX_HEADER = YES;
				GCC_PREFIX_HEADER = "CurtianCall/CurtianCall-Prefix.pch";
				INFOPLIST_FILE = "CurtianCall/CurtianCall-Info.plist";
				PRODUCT_NAME = "$(TARGET_NAME)";
				VALIDATE_PRODUCT = YES;
				WRAPPER_EXTENSION = app;
			};
			name = Release;
		};
/* End XCBuildConfiguration section */

/* Begin XCConfigurationList section */
		AFDDF18F134393530006E46E /* Build configuration list for PBXProject "CurtianCall" */ = {
			isa = XCConfigurationList;
			buildConfigurations = (
				AFDDF1BA134393530006E46E /* Debug */,
				AFDDF1BB134393530006E46E /* Release */,
			);
			defaultConfigurationIsVisible = 0;
			defaultConfigurationName = Release;
		};
		AFDDF1BC134393530006E46E /* Build configuration list for PBXNativeTarget "CurtianCall" */ = {
			isa = XCConfigurationList;
			buildConfigurations = (
				AFDDF1BD134393530006E46E /* Debug */,
				AFDDF1BE134393530006E46E /* Release */,
			);
			defaultConfigurationIsVisible = 0;
		};
/* End XCConfigurationList section */
	};
	rootObject = AFDDF18C134393530006E46E /* Project object */;
}
